
Microsoft Visual Studio Solution File, Format Version 12.00
# Visual Studio Version 16
VisualStudioVersion = 16.0.30907.101
MinimumVisualStudioVersion = 10.0.40219.1
Project("{FAE04EC0-301F-11D3-BF4B-00C04F79EFBC}") = "GymManager", "GymManager\GymManager.csproj", "{B4AE22AA-6A7A-472B-AA0A-0E7174D58F8B}"
EndProject
Global
	GlobalSection(SolutionConfigurationPlatforms) = preSolution
		Debug|Any CPU = Debug|Any CPU
		Release|Any CPU = Release|Any CPU
	EndGlobalSection
	GlobalSection(ProjectConfigurationPlatforms) = postSolution
		{B4AE22AA-6A7A-472B-AA0A-0E7174D58F8B}.Debug|Any CPU.ActiveCfg = Debug|Any CPU
		{B4AE22AA-6A7A-472B-AA0A-0E7174D58F8B}.Debug|Any CPU.Build.0 = Debug|Any CPU
		{B4AE22AA-6A7A-472B-AA0A-0E7174D58F8B}.Release|Any CPU.ActiveCfg = Release|Any CPU
		{B4AE22AA-6A7A-472B-AA0A-0E7174D58F8B}.Release|Any CPU.Build.0 = Release|Any CPU
	EndGlobalSection
	GlobalSection(SolutionProperties) = preSolution
		HideSolutionNode = FALSE
	EndGlobalSection
	GlobalSection(ExtensibilityGlobals) = postSolution
		SolutionGuid = {EFA78E07-7019-4668-8451-9FFDD8290276}
	EndGlobalSection
EndGlobal
